
Microsoft Visual Studio Solution File, Format Version 12.00
# Visual Studio 2012
Project("{FAE04EC0-301F-11D3-BF4B-00C04F79EFBC}") = "ProjectEulerDemo", "ProjectEulerDemo\ProjectEulerDemo.csproj", "{37E4E165-0789-4D13-989F-8269C9BE243B}"
EndProject
Project("{FAE04EC0-301F-11D3-BF4B-00C04F79EFBC}") = "ProjectEulerDemo.Tests", "ProjectEulerDemo.Tests\ProjectEulerDemo.Tests.csproj", "{A58A755C-A039-406D-BD62-FB4F8BF671F2}"
EndProject
Global
	GlobalSection(SolutionConfigurationPlatforms) = preSolution
		Debug|Any CPU = Debug|Any CPU
		Release|Any CPU = Release|Any CPU
	EndGlobalSection
	GlobalSection(ProjectConfigurationPlatforms) = postSolution
		{37E4E165-0789-4D13-989F-8269C9BE243B}.Debug|Any CPU.ActiveCfg = Debug|Any CPU
		{37E4E165-0789-4D13-989F-8269C9BE243B}.Debug|Any CPU.Build.0 = Debug|Any CPU
		{37E4E165-0789-4D13-989F-8269C9BE243B}.Release|Any CPU.ActiveCfg = Release|Any CPU
		{37E4E165-0789-4D13-989F-8269C9BE243B}.Release|Any CPU.Build.0 = Release|Any CPU
		{A58A755C-A039-406D-BD62-FB4F8BF671F2}.Debug|Any CPU.ActiveCfg = Debug|Any CPU
		{A58A755C-A039-406D-BD62-FB4F8BF671F2}.Debug|Any CPU.Build.0 = Debug|Any CPU
		{A58A755C-A039-406D-BD62-FB4F8BF671F2}.Release|Any CPU.ActiveCfg = Release|Any CPU
		{A58A755C-A039-406D-BD62-FB4F8BF671F2}.Release|Any CPU.Build.0 = Release|Any CPU
	EndGlobalSection
	GlobalSection(SolutionProperties) = preSolution
		HideSolutionNode = FALSE
	EndGlobalSection
EndGlobal
